{
  "name": "arianee-erc721-erc20-poc",
  "version": "1.0.0",
  "lockfileVersion": 1,
  "requires": true,
  "dependencies": {
    "@0xcert/ethereum-erc721": {
      "version": "1.10.0",
      "resolved": "https://registry.npmjs.org/@0xcert/ethereum-erc721/-/ethereum-erc721-1.10.0.tgz",
      "integrity": "sha512-n5fkZKqBzwXmaKBEPcz9evLqd0uo3juIgc28vUa8h66gRY1WDEVVjfqaK4JxkdkGUfHeGsJ7xJbTxQgvGaCNLw==",
      "requires": {
        "@0xcert/ethereum-utils": "^1.0.1"
      }
    },
    "@0xcert/ethereum-utils": {
      "version": "1.1.0",
      "resolved": "https://registry.npmjs.org/@0xcert/ethereum-utils/-/ethereum-utils-1.1.0.tgz",
      "integrity": "sha512-x7bl+QIhmlrZ83PdPGkn2G+DqR4JurzY26HpgK+dLoEKbh0boIraPS/bnLDOj1wbM+u40WKl3eIyUlpQ7qK9rg=="
    },
    "openzeppelin-solidity": {
      "version": "2.0.0-rc.3",
      "resolved": "https://registry.npmjs.org/openzeppelin-solidity/-/openzeppelin-solidity-2.0.0-rc.3.tgz",
      "integrity": "sha512-+3LFCp2Bl7zDRycVKz4z4KTc3vReNFH+7iWoc+sajlPGC+kTTSNd2YFd/PvPgiPGyEup7aQ1tE/srnW7zcuQGQ=="
    }
  }
}
